
Microsoft Visual Studio Solution File, Format Version 12.00
# Visual Studio 15
VisualStudioVersion = 15.0.28307.1738
MinimumVisualStudioVersion = 10.0.40219.1
Project("{FAE04EC0-301F-11D3-BF4B-00C04F79EFBC}") = "LDFeatureFlagManager", "LDFeatureFlagManager\LDFeatureFlagManager.csproj", "{D378BEDA-6D08-4772-9E52-52E1CC0F5704}"
EndProject
Global
	GlobalSection(SolutionConfigurationPlatforms) = preSolution
		Debug|Any CPU = Debug|Any CPU
		Release|Any CPU = Release|Any CPU
	EndGlobalSection
	GlobalSection(ProjectConfigurationPlatforms) = postSolution
		{D378BEDA-6D08-4772-9E52-52E1CC0F5704}.Debug|Any CPU.ActiveCfg = Debug|Any CPU
		{D378BEDA-6D08-4772-9E52-52E1CC0F5704}.Debug|Any CPU.Build.0 = Debug|Any CPU
		{D378BEDA-6D08-4772-9E52-52E1CC0F5704}.Release|Any CPU.ActiveCfg = Release|Any CPU
		{D378BEDA-6D08-4772-9E52-52E1CC0F5704}.Release|Any CPU.Build.0 = Release|Any CPU
	EndGlobalSection
	GlobalSection(SolutionProperties) = preSolution
		HideSolutionNode = FALSE
	EndGlobalSection
	GlobalSection(ExtensibilityGlobals) = postSolution
		SolutionGuid = {B3DEAF62-EDAD-4B16-84CB-B9D1F4B561EE}
	EndGlobalSection
EndGlobal
